
Microsoft Visual Studio Solution File, Format Version 12.00
# Visual Studio Version 17
VisualStudioVersion = 17.3.32929.385
MinimumVisualStudioVersion = 10.0.40219.1
Project("{2150E333-8FDC-42A3-9474-1A3956D46DE8}") = "Modul001_SOLID", "Modul001_SOLID", "{E719E5C9-C910-4148-AC6D-6AF4E5AECDF4}"
EndProject
Project("{9A19103F-16F7-4668-BE54-9A1E7A4F7556}") = "SingleResponsibilityPrincipe", "SingleResponsibilityPrincipe\SingleResponsibilityPrincipe.csproj", "{BE055571-C437-454B-B141-2D6BE9724D1B}"
EndProject
Project("{9A19103F-16F7-4668-BE54-9A1E7A4F7556}") = "OpenClosePrincipe", "OpenClosePrincipe\OpenClosePrincipe.csproj", "{E6C15969-5CFD-4EAE-9EC3-37429369AEC7}"
EndProject
Project("{9A19103F-16F7-4668-BE54-9A1E7A4F7556}") = "LizkovischesPrincipe", "LizkovischesPrincipe\LizkovischesPrincipe.csproj", "{698830A5-9C80-481E-979B-C3B67B21D5BC}"
EndProject
Project("{9A19103F-16F7-4668-BE54-9A1E7A4F7556}") = "InterfaceSegregationPrinciple", "InterfaceSegregationPrinciple\InterfaceSegregationPrinciple.csproj", "{DE1A8820-7E3D-4195-9BA1-598E30B4554A}"
EndProject
Project("{9A19103F-16F7-4668-BE54-9A1E7A4F7556}") = "DependencyInversion", "DependencyInversion\DependencyInversion.csproj", "{E0852F4D-9FF4-4804-9713-4819B348EA82}"
EndProject
Project("{2150E333-8FDC-42A3-9474-1A3956D46DE8}") = "Modul002_IOC Container", "Modul002_IOC Container", "{C944577F-6F29-4FD9-922D-9D7577295B3B}"
EndProject
Project("{9A19103F-16F7-4668-BE54-9A1E7A4F7556}") = "IOCSample", "IOCSample\IOCSample.csproj", "{A3874585-8EBF-4B2D-B949-48303B4EC2D3}"
EndProject
Project("{9A19103F-16F7-4668-BE54-9A1E7A4F7556}") = "RazorPages_IOCContainer_Sample", "RazorPages_IOCContainer_Sample\RazorPages_IOCContainer_Sample.csproj", "{0E400683-1AAE-44FD-9F9B-0DA9FED65C95}"
EndProject
Project("{2150E333-8FDC-42A3-9474-1A3956D46DE8}") = "Solution Items", "Solution Items", "{1C150A8C-4A76-4E1D-993F-F3AAAE6F1404}"
	ProjectSection(SolutionItems) = preProject
		..\Agenda.md = ..\Agenda.md
		Links.md = Links.md
	EndProjectSection
EndProject
Project("{9A19103F-16F7-4668-BE54-9A1E7A4F7556}") = "DIScopeVsTransientVsSingletonSample", "..\DIScopeVsTransientVsSingletonSample\DIScopeVsTransientVsSingletonSample.csproj", "{A768D37C-80A2-4283-B72A-D7FEC914764C}"
EndProject
Project("{2150E333-8FDC-42A3-9474-1A3956D46DE8}") = "Modul003_Configuration", "Modul003_Configuration", "{AE09CBE3-AF21-48EF-85DB-675ADCCE24E4}"
EndProject
Project("{9A19103F-16F7-4668-BE54-9A1E7A4F7556}") = "ConfigurationSamples", "ConfigurationSamples\ConfigurationSamples.csproj", "{02EE4133-A1D7-4FE3-85C8-DFF8939D545D}"
EndProject
Project("{2150E333-8FDC-42A3-9474-1A3956D46DE8}") = "Modul004_DefaultProject_Overview", "Modul004_DefaultProject_Overview", "{02C33E6C-191E-45F7-83C1-A45192A3CA7A}"
EndProject
Project("{2150E333-8FDC-42A3-9474-1A3956D46DE8}") = "Modul005_RazorPages", "Modul005_RazorPages", "{74E2E988-D64E-4B01-B9F4-9F803636EC49}"
EndProject
Project("{9A19103F-16F7-4668-BE54-9A1E7A4F7556}") = "CommentedDefaultProject", "CommentedDefaultProject\CommentedDefaultProject.csproj", "{F5FCC600-C111-4481-A18D-486F1B4F645C}"
EndProject
Project("{9A19103F-16F7-4668-BE54-9A1E7A4F7556}") = "DefaultProjekctInNET5", "DefaultProjekctInNET5\DefaultProjekctInNET5.csproj", "{022CD43B-D3AA-4789-B4FF-F95C7736DF6B}"
EndProject
Project("{9A19103F-16F7-4668-BE54-9A1E7A4F7556}") = "RazorPageSamples", "RazorPageSamples\RazorPageSamples.csproj", "{DED172BF-42DB-4E90-AECE-8B79CE38D3AA}"
EndProject
Project("{2150E333-8FDC-42A3-9474-1A3956D46DE8}") = "Wiederholung Tag 1", "Wiederholung Tag 1", "{25118A3C-5768-4129-AFB3-E138DED8E676}"
EndProject
Project("{FAE04EC0-301F-11D3-BF4B-00C04F79EFBC}") = "RazorPages_IOCContainer_Sample_Wdh", "RazorPages_IOCContainer_Sample_Wdh\RazorPages_IOCContainer_Sample_Wdh.csproj", "{7B9BA962-9614-4E9F-BD3D-385D6F59B6AF}"
EndProject
Project("{2150E333-8FDC-42A3-9474-1A3956D46DE8}") = "Modul006_RazorPages_mit EFCore_mit_InMemoryDb", "Modul006_RazorPages_mit EFCore_mit_InMemoryDb", "{4F5EDD70-864E-4C14-8F5B-6D3B69FBB0C2}"
EndProject
Project("{FAE04EC0-301F-11D3-BF4B-00C04F79EFBC}") = "RazorPage_EfCore_with_InMemoryDB", "RazorPage_EfCore_with_InMemoryDB\RazorPage_EfCore_with_InMemoryDB.csproj", "{EBA4BE20-C06C-4B5F-8C62-3727AC52C85B}"
EndProject
Global
	GlobalSection(SolutionConfigurationPlatforms) = preSolution
		Debug|Any CPU = Debug|Any CPU
		Release|Any CPU = Release|Any CPU
	EndGlobalSection
	GlobalSection(ProjectConfigurationPlatforms) = postSolution
		{BE055571-C437-454B-B141-2D6BE9724D1B}.Debug|Any CPU.ActiveCfg = Debug|Any CPU
		{BE055571-C437-454B-B141-2D6BE9724D1B}.Debug|Any CPU.Build.0 = Debug|Any CPU
		{BE055571-C437-454B-B141-2D6BE9724D1B}.Release|Any CPU.ActiveCfg = Release|Any CPU
		{BE055571-C437-454B-B141-2D6BE9724D1B}.Release|Any CPU.Build.0 = Release|Any CPU
		{E6C15969-5CFD-4EAE-9EC3-37429369AEC7}.Debug|Any CPU.ActiveCfg = Debug|Any CPU
		{E6C15969-5CFD-4EAE-9EC3-37429369AEC7}.Debug|Any CPU.Build.0 = Debug|Any CPU
		{E6C15969-5CFD-4EAE-9EC3-37429369AEC7}.Release|Any CPU.ActiveCfg = Release|Any CPU
		{E6C15969-5CFD-4EAE-9EC3-37429369AEC7}.Release|Any CPU.Build.0 = Release|Any CPU
		{698830A5-9C80-481E-979B-C3B67B21D5BC}.Debug|Any CPU.ActiveCfg = Debug|Any CPU
		{698830A5-9C80-481E-979B-C3B67B21D5BC}.Debug|Any CPU.Build.0 = Debug|Any CPU
		{698830A5-9C80-481E-979B-C3B67B21D5BC}.Release|Any CPU.ActiveCfg = Release|Any CPU
		{698830A5-9C80-481E-979B-C3B67B21D5BC}.Release|Any CPU.Build.0 = Release|Any CPU
		{DE1A8820-7E3D-4195-9BA1-598E30B4554A}.Debug|Any CPU.ActiveCfg = Debug|Any CPU
		{DE1A8820-7E3D-4195-9BA1-598E30B4554A}.Debug|Any CPU.Build.0 = Debug|Any CPU
		{DE1A8820-7E3D-4195-9BA1-598E30B4554A}.Release|Any CPU.ActiveCfg = Release|Any CPU
		{DE1A8820-7E3D-4195-9BA1-598E30B4554A}.Release|Any CPU.Build.0 = Release|Any CPU
		{E0852F4D-9FF4-4804-9713-4819B348EA82}.Debug|Any CPU.ActiveCfg = Debug|Any CPU
		{E0852F4D-9FF4-4804-9713-4819B348EA82}.Debug|Any CPU.Build.0 = Debug|Any CPU
		{E0852F4D-9FF4-4804-9713-4819B348EA82}.Release|Any CPU.ActiveCfg = Release|Any CPU
		{E0852F4D-9FF4-4804-9713-4819B348EA82}.Release|Any CPU.Build.0 = Release|Any CPU
		{A3874585-8EBF-4B2D-B949-48303B4EC2D3}.Debug|Any CPU.ActiveCfg = Debug|Any CPU
		{A3874585-8EBF-4B2D-B949-48303B4EC2D3}.Debug|Any CPU.Build.0 = Debug|Any CPU
		{A3874585-8EBF-4B2D-B949-48303B4EC2D3}.Release|Any CPU.ActiveCfg = Release|Any CPU
		{A3874585-8EBF-4B2D-B949-48303B4EC2D3}.Release|Any CPU.Build.0 = Release|Any CPU
		{0E400683-1AAE-44FD-9F9B-0DA9FED65C95}.Debug|Any CPU.ActiveCfg = Debug|Any CPU
		{0E400683-1AAE-44FD-9F9B-0DA9FED65C95}.Debug|Any CPU.Build.0 = Debug|Any CPU
		{0E400683-1AAE-44FD-9F9B-0DA9FED65C95}.Release|Any CPU.ActiveCfg = Release|Any CPU
		{0E400683-1AAE-44FD-9F9B-0DA9FED65C95}.Release|Any CPU.Build.0 = Release|Any CPU
		{A768D37C-80A2-4283-B72A-D7FEC914764C}.Debug|Any CPU.ActiveCfg = Debug|Any CPU
		{A768D37C-80A2-4283-B72A-D7FEC914764C}.Debug|Any CPU.Build.0 = Debug|Any CPU
		{A768D37C-80A2-4283-B72A-D7FEC914764C}.Release|Any CPU.ActiveCfg = Release|Any CPU
		{A768D37C-80A2-4283-B72A-D7FEC914764C}.Release|Any CPU.Build.0 = Release|Any CPU
		{02EE4133-A1D7-4FE3-85C8-DFF8939D545D}.Debug|Any CPU.ActiveCfg = Debug|Any CPU
		{02EE4133-A1D7-4FE3-85C8-DFF8939D545D}.Debug|Any CPU.Build.0 = Debug|Any CPU
		{02EE4133-A1D7-4FE3-85C8-DFF8939D545D}.Release|Any CPU.ActiveCfg = Release|Any CPU
		{02EE4133-A1D7-4FE3-85C8-DFF8939D545D}.Release|Any CPU.Build.0 = Release|Any CPU
		{F5FCC600-C111-4481-A18D-486F1B4F645C}.Debug|Any CPU.ActiveCfg = Debug|Any CPU
		{F5FCC600-C111-4481-A18D-486F1B4F645C}.Debug|Any CPU.Build.0 = Debug|Any CPU
		{F5FCC600-C111-4481-A18D-486F1B4F645C}.Release|Any CPU.ActiveCfg = Release|Any CPU
		{F5FCC600-C111-4481-A18D-486F1B4F645C}.Release|Any CPU.Build.0 = Release|Any CPU
		{022CD43B-D3AA-4789-B4FF-F95C7736DF6B}.Debug|Any CPU.ActiveCfg = Debug|Any CPU
		{022CD43B-D3AA-4789-B4FF-F95C7736DF6B}.Debug|Any CPU.Build.0 = Debug|Any CPU
		{022CD43B-D3AA-4789-B4FF-F95C7736DF6B}.Release|Any CPU.ActiveCfg = Release|Any CPU
		{022CD43B-D3AA-4789-B4FF-F95C7736DF6B}.Release|Any CPU.Build.0 = Release|Any CPU
		{DED172BF-42DB-4E90-AECE-8B79CE38D3AA}.Debug|Any CPU.ActiveCfg = Debug|Any CPU
		{DED172BF-42DB-4E90-AECE-8B79CE38D3AA}.Debug|Any CPU.Build.0 = Debug|Any CPU
		{DED172BF-42DB-4E90-AECE-8B79CE38D3AA}.Release|Any CPU.ActiveCfg = Release|Any CPU
		{DED172BF-42DB-4E90-AECE-8B79CE38D3AA}.Release|Any CPU.Build.0 = Release|Any CPU
		{7B9BA962-9614-4E9F-BD3D-385D6F59B6AF}.Debug|Any CPU.ActiveCfg = Debug|Any CPU
		{7B9BA962-9614-4E9F-BD3D-385D6F59B6AF}.Debug|Any CPU.Build.0 = Debug|Any CPU
		{7B9BA962-9614-4E9F-BD3D-385D6F59B6AF}.Release|Any CPU.ActiveCfg = Release|Any CPU
		{7B9BA962-9614-4E9F-BD3D-385D6F59B6AF}.Release|Any CPU.Build.0 = Release|Any CPU
		{EBA4BE20-C06C-4B5F-8C62-3727AC52C85B}.Debug|Any CPU.ActiveCfg = Debug|Any CPU
		{EBA4BE20-C06C-4B5F-8C62-3727AC52C85B}.Debug|Any CPU.Build.0 = Debug|Any CPU
		{EBA4BE20-C06C-4B5F-8C62-3727AC52C85B}.Release|Any CPU.ActiveCfg = Release|Any CPU
		{EBA4BE20-C06C-4B5F-8C62-3727AC52C85B}.Release|Any CPU.Build.0 = Release|Any CPU
	EndGlobalSection
	GlobalSection(SolutionProperties) = preSolution
		HideSolutionNode = FALSE
	EndGlobalSection
	GlobalSection(NestedProjects) = preSolution
		{BE055571-C437-454B-B141-2D6BE9724D1B} = {E719E5C9-C910-4148-AC6D-6AF4E5AECDF4}
		{E6C15969-5CFD-4EAE-9EC3-37429369AEC7} = {E719E5C9-C910-4148-AC6D-6AF4E5AECDF4}
		{698830A5-9C80-481E-979B-C3B67B21D5BC} = {E719E5C9-C910-4148-AC6D-6AF4E5AECDF4}
		{DE1A8820-7E3D-4195-9BA1-598E30B4554A} = {E719E5C9-C910-4148-AC6D-6AF4E5AECDF4}
		{E0852F4D-9FF4-4804-9713-4819B348EA82} = {E719E5C9-C910-4148-AC6D-6AF4E5AECDF4}
		{A3874585-8EBF-4B2D-B949-48303B4EC2D3} = {C944577F-6F29-4FD9-922D-9D7577295B3B}
		{0E400683-1AAE-44FD-9F9B-0DA9FED65C95} = {C944577F-6F29-4FD9-922D-9D7577295B3B}
		{02EE4133-A1D7-4FE3-85C8-DFF8939D545D} = {AE09CBE3-AF21-48EF-85DB-675ADCCE24E4}
		{F5FCC600-C111-4481-A18D-486F1B4F645C} = {02C33E6C-191E-45F7-83C1-A45192A3CA7A}
		{022CD43B-D3AA-4789-B4FF-F95C7736DF6B} = {02C33E6C-191E-45F7-83C1-A45192A3CA7A}
		{DED172BF-42DB-4E90-AECE-8B79CE38D3AA} = {74E2E988-D64E-4B01-B9F4-9F803636EC49}
		{7B9BA962-9614-4E9F-BD3D-385D6F59B6AF} = {25118A3C-5768-4129-AFB3-E138DED8E676}
		{EBA4BE20-C06C-4B5F-8C62-3727AC52C85B} = {4F5EDD70-864E-4C14-8F5B-6D3B69FBB0C2}
	EndGlobalSection
	GlobalSection(ExtensibilityGlobals) = postSolution
		SolutionGuid = {A34ADC4B-6ECA-4463-A6B2-B46E5E71E353}
	EndGlobalSection
EndGlobal
