
Microsoft Visual Studio Solution File, Format Version 12.00
# Visual Studio Version 17
VisualStudioVersion = 17.3.32929.385
MinimumVisualStudioVersion = 10.0.40219.1
Project("{2150E333-8FDC-42A3-9474-1A3956D46DE8}") = "Modul001_SOLID", "Modul001_SOLID", "{E719E5C9-C910-4148-AC6D-6AF4E5AECDF4}"
EndProject
Project("{9A19103F-16F7-4668-BE54-9A1E7A4F7556}") = "SingleResponsibilityPrincipe", "SingleResponsibilityPrincipe\SingleResponsibilityPrincipe.csproj", "{BE055571-C437-454B-B141-2D6BE9724D1B}"
EndProject
Project("{9A19103F-16F7-4668-BE54-9A1E7A4F7556}") = "OpenClosePrincipe", "OpenClosePrincipe\OpenClosePrincipe.csproj", "{E6C15969-5CFD-4EAE-9EC3-37429369AEC7}"
EndProject
Project("{9A19103F-16F7-4668-BE54-9A1E7A4F7556}") = "LizkovischesPrincipe", "LizkovischesPrincipe\LizkovischesPrincipe.csproj", "{698830A5-9C80-481E-979B-C3B67B21D5BC}"
EndProject
Project("{9A19103F-16F7-4668-BE54-9A1E7A4F7556}") = "InterfaceSegregationPrinciple", "InterfaceSegregationPrinciple\InterfaceSegregationPrinciple.csproj", "{DE1A8820-7E3D-4195-9BA1-598E30B4554A}"
EndProject
Project("{9A19103F-16F7-4668-BE54-9A1E7A4F7556}") = "DependencyInversion", "DependencyInversion\DependencyInversion.csproj", "{E0852F4D-9FF4-4804-9713-4819B348EA82}"
EndProject
Project("{2150E333-8FDC-42A3-9474-1A3956D46DE8}") = "Modul002_IOC Container", "Modul002_IOC Container", "{C944577F-6F29-4FD9-922D-9D7577295B3B}"
EndProject
Project("{9A19103F-16F7-4668-BE54-9A1E7A4F7556}") = "IOCSample", "IOCSample\IOCSample.csproj", "{A3874585-8EBF-4B2D-B949-48303B4EC2D3}"
EndProject
Project("{9A19103F-16F7-4668-BE54-9A1E7A4F7556}") = "RazorPages_IOCContainer_Sample", "RazorPages_IOCContainer_Sample\RazorPages_IOCContainer_Sample.csproj", "{0E400683-1AAE-44FD-9F9B-0DA9FED65C95}"
EndProject
Project("{2150E333-8FDC-42A3-9474-1A3956D46DE8}") = "Solution Items", "Solution Items", "{1C150A8C-4A76-4E1D-993F-F3AAAE6F1404}"
	ProjectSection(SolutionItems) = preProject
		..\Agenda.md = ..\Agenda.md
		Links.md = Links.md
		Todos.md = Todos.md
	EndProjectSection
EndProject
Project("{9A19103F-16F7-4668-BE54-9A1E7A4F7556}") = "DIScopeVsTransientVsSingletonSample", "..\DIScopeVsTransientVsSingletonSample\DIScopeVsTransientVsSingletonSample.csproj", "{A768D37C-80A2-4283-B72A-D7FEC914764C}"
EndProject
Project("{2150E333-8FDC-42A3-9474-1A3956D46DE8}") = "Modul003_Configuration", "Modul003_Configuration", "{AE09CBE3-AF21-48EF-85DB-675ADCCE24E4}"
EndProject
Project("{9A19103F-16F7-4668-BE54-9A1E7A4F7556}") = "ConfigurationSamples", "ConfigurationSamples\ConfigurationSamples.csproj", "{02EE4133-A1D7-4FE3-85C8-DFF8939D545D}"
EndProject
Project("{2150E333-8FDC-42A3-9474-1A3956D46DE8}") = "Modul004_DefaultProject_Overview", "Modul004_DefaultProject_Overview", "{02C33E6C-191E-45F7-83C1-A45192A3CA7A}"
EndProject
Project("{2150E333-8FDC-42A3-9474-1A3956D46DE8}") = "Modul005_RazorPages", "Modul005_RazorPages", "{74E2E988-D64E-4B01-B9F4-9F803636EC49}"
EndProject
Project("{9A19103F-16F7-4668-BE54-9A1E7A4F7556}") = "CommentedDefaultProject", "CommentedDefaultProject\CommentedDefaultProject.csproj", "{F5FCC600-C111-4481-A18D-486F1B4F645C}"
EndProject
Project("{9A19103F-16F7-4668-BE54-9A1E7A4F7556}") = "DefaultProjekctInNET5", "DefaultProjekctInNET5\DefaultProjekctInNET5.csproj", "{022CD43B-D3AA-4789-B4FF-F95C7736DF6B}"
EndProject
Project("{9A19103F-16F7-4668-BE54-9A1E7A4F7556}") = "RazorPageSamples", "RazorPageSamples\RazorPageSamples.csproj", "{DED172BF-42DB-4E90-AECE-8B79CE38D3AA}"
EndProject
Project("{2150E333-8FDC-42A3-9474-1A3956D46DE8}") = "Wiederholung Tag 1", "Wiederholung Tag 1", "{25118A3C-5768-4129-AFB3-E138DED8E676}"
EndProject
Project("{9A19103F-16F7-4668-BE54-9A1E7A4F7556}") = "RazorPages_IOCContainer_Sample_Wdh", "RazorPages_IOCContainer_Sample_Wdh\RazorPages_IOCContainer_Sample_Wdh.csproj", "{7B9BA962-9614-4E9F-BD3D-385D6F59B6AF}"
EndProject
Project("{2150E333-8FDC-42A3-9474-1A3956D46DE8}") = "Modul006_RazorPages_mit EFCore_mit_InMemoryDb", "Modul006_RazorPages_mit EFCore_mit_InMemoryDb", "{4F5EDD70-864E-4C14-8F5B-6D3B69FBB0C2}"
EndProject
Project("{9A19103F-16F7-4668-BE54-9A1E7A4F7556}") = "RazorPage_EfCore_with_InMemoryDB", "RazorPage_EfCore_with_InMemoryDB\RazorPage_EfCore_with_InMemoryDB.csproj", "{EBA4BE20-C06C-4B5F-8C62-3727AC52C85B}"
EndProject
Project("{2150E333-8FDC-42A3-9474-1A3956D46DE8}") = "Modul007_RazorPages_mit_Scaffolded", "Modul007_RazorPages_mit_Scaffolded", "{ABD6A32B-F438-42BB-A286-0D90434C69C9}"
EndProject
Project("{9A19103F-16F7-4668-BE54-9A1E7A4F7556}") = "RazorPage_Scaffolded_PartialViews_HTMLHelper_TagHelper", "RazorPage_Scaffolded\RazorPage_Scaffolded_PartialViews_HTMLHelper_TagHelper.csproj", "{4BB2A956-266A-46B0-B063-0FF68ABAB4C2}"
EndProject
Project("{2150E333-8FDC-42A3-9474-1A3956D46DE8}") = "Modul013_TagHelpers", "Modul013_TagHelpers", "{47C98B5B-E584-4007-B01B-0A0FD2E99250}"
EndProject
Project("{9A19103F-16F7-4668-BE54-9A1E7A4F7556}") = "TagHelperSample", "TagHelperSample\TagHelperSample.csproj", "{B2A6B6C2-F444-4FF8-A69E-BE9925609C29}"
EndProject
Project("{2150E333-8FDC-42A3-9474-1A3956D46DE8}") = "Modul008_ViewComponent_Localization", "Modul008_ViewComponent_Localization", "{31B8FDB6-F6B4-4C5B-9D05-201FE54855B2}"
EndProject
Project("{9A19103F-16F7-4668-BE54-9A1E7A4F7556}") = "LocalizationCultureSampe1", "Beispiel3_DataAnnotations\Sample\LocalizationCultureSampe1\LocalizationCultureSampe1.csproj", "{6E358429-FF5C-4389-8F01-EE129F26A87B}"
EndProject
Project("{9A19103F-16F7-4668-BE54-9A1E7A4F7556}") = "WebApplication", "..\aspnetcore_localization_sample\WebApplication\WebApplication.csproj", "{325F072A-F7C1-445B-A595-C7987AA15009}"
EndProject
Project("{2150E333-8FDC-42A3-9474-1A3956D46DE8}") = "Modul009_StateManagement", "Modul009_StateManagement", "{538EE27D-8AEC-483D-811F-BE0BD3DC8FE1}"
EndProject
Project("{9A19103F-16F7-4668-BE54-9A1E7A4F7556}") = "StateManagementSample", "StateManagementSample\StateManagementSample.csproj", "{D29E232F-6B71-4526-9DD8-5599B82959C2}"
EndProject
Project("{2150E333-8FDC-42A3-9474-1A3956D46DE8}") = "Modul010_Routing", "Modul010_Routing", "{4B4ABA83-4137-45B3-9FAC-424DF8500E22}"
EndProject
Project("{FAE04EC0-301F-11D3-BF4B-00C04F79EFBC}") = "RoutingSamples", "RoutingSamples\RoutingSamples.csproj", "{B067D57A-3EE0-4659-B398-895A18CEBA71}"
EndProject
Project("{2150E333-8FDC-42A3-9474-1A3956D46DE8}") = "Modul011_IdentityUI", "Modul011_IdentityUI", "{10B6C21C-5B2E-41EC-93A1-E446EAB29A69}"
EndProject
Project("{FAE04EC0-301F-11D3-BF4B-00C04F79EFBC}") = "IdentityUISample", "IdentityUISample\IdentityUISample.csproj", "{0A3CDB04-A8D2-437E-A584-817226C25B50}"
EndProject
Project("{FAE04EC0-301F-11D3-BF4B-00C04F79EFBC}") = "SignalRChartRazorPageSample", "SignalRChartRazorPageSample\SignalRChartRazorPageSample.csproj", "{FFB988F4-CF9B-4B0E-815F-764939B8CE3D}"
EndProject
Project("{2150E333-8FDC-42A3-9474-1A3956D46DE8}") = "Modul012_PictureGalleryWithMiddleware", "Modul012_PictureGalleryWithMiddleware", "{F227E2A6-FD99-4B17-8003-01B9AD5FDE2B}"
EndProject
Project("{FAE04EC0-301F-11D3-BF4B-00C04F79EFBC}") = "PictureUploadAndGallery", "PictureUploadAndGallery\PictureUploadAndGallery.csproj", "{988452EB-3E91-482A-BE51-9B53FDD2E568}"
EndProject
Project("{2150E333-8FDC-42A3-9474-1A3956D46DE8}") = "Modul_Zusatz_GeoRelation", "Modul_Zusatz_GeoRelation", "{DD19F077-82A5-49F2-BD00-060B73DED703}"
EndProject
Global
	GlobalSection(SolutionConfigurationPlatforms) = preSolution
		Debug|Any CPU = Debug|Any CPU
		Release|Any CPU = Release|Any CPU
	EndGlobalSection
	GlobalSection(ProjectConfigurationPlatforms) = postSolution
		{BE055571-C437-454B-B141-2D6BE9724D1B}.Debug|Any CPU.ActiveCfg = Debug|Any CPU
		{BE055571-C437-454B-B141-2D6BE9724D1B}.Debug|Any CPU.Build.0 = Debug|Any CPU
		{BE055571-C437-454B-B141-2D6BE9724D1B}.Release|Any CPU.ActiveCfg = Release|Any CPU
		{BE055571-C437-454B-B141-2D6BE9724D1B}.Release|Any CPU.Build.0 = Release|Any CPU
		{E6C15969-5CFD-4EAE-9EC3-37429369AEC7}.Debug|Any CPU.ActiveCfg = Debug|Any CPU
		{E6C15969-5CFD-4EAE-9EC3-37429369AEC7}.Debug|Any CPU.Build.0 = Debug|Any CPU
		{E6C15969-5CFD-4EAE-9EC3-37429369AEC7}.Release|Any CPU.ActiveCfg = Release|Any CPU
		{E6C15969-5CFD-4EAE-9EC3-37429369AEC7}.Release|Any CPU.Build.0 = Release|Any CPU
		{698830A5-9C80-481E-979B-C3B67B21D5BC}.Debug|Any CPU.ActiveCfg = Debug|Any CPU
		{698830A5-9C80-481E-979B-C3B67B21D5BC}.Debug|Any CPU.Build.0 = Debug|Any CPU
		{698830A5-9C80-481E-979B-C3B67B21D5BC}.Release|Any CPU.ActiveCfg = Release|Any CPU
		{698830A5-9C80-481E-979B-C3B67B21D5BC}.Release|Any CPU.Build.0 = Release|Any CPU
		{DE1A8820-7E3D-4195-9BA1-598E30B4554A}.Debug|Any CPU.ActiveCfg = Debug|Any CPU
		{DE1A8820-7E3D-4195-9BA1-598E30B4554A}.Debug|Any CPU.Build.0 = Debug|Any CPU
		{DE1A8820-7E3D-4195-9BA1-598E30B4554A}.Release|Any CPU.ActiveCfg = Release|Any CPU
		{DE1A8820-7E3D-4195-9BA1-598E30B4554A}.Release|Any CPU.Build.0 = Release|Any CPU
		{E0852F4D-9FF4-4804-9713-4819B348EA82}.Debug|Any CPU.ActiveCfg = Debug|Any CPU
		{E0852F4D-9FF4-4804-9713-4819B348EA82}.Debug|Any CPU.Build.0 = Debug|Any CPU
		{E0852F4D-9FF4-4804-9713-4819B348EA82}.Release|Any CPU.ActiveCfg = Release|Any CPU
		{E0852F4D-9FF4-4804-9713-4819B348EA82}.Release|Any CPU.Build.0 = Release|Any CPU
		{A3874585-8EBF-4B2D-B949-48303B4EC2D3}.Debug|Any CPU.ActiveCfg = Debug|Any CPU
		{A3874585-8EBF-4B2D-B949-48303B4EC2D3}.Debug|Any CPU.Build.0 = Debug|Any CPU
		{A3874585-8EBF-4B2D-B949-48303B4EC2D3}.Release|Any CPU.ActiveCfg = Release|Any CPU
		{A3874585-8EBF-4B2D-B949-48303B4EC2D3}.Release|Any CPU.Build.0 = Release|Any CPU
		{0E400683-1AAE-44FD-9F9B-0DA9FED65C95}.Debug|Any CPU.ActiveCfg = Debug|Any CPU
		{0E400683-1AAE-44FD-9F9B-0DA9FED65C95}.Debug|Any CPU.Build.0 = Debug|Any CPU
		{0E400683-1AAE-44FD-9F9B-0DA9FED65C95}.Release|Any CPU.ActiveCfg = Release|Any CPU
		{0E400683-1AAE-44FD-9F9B-0DA9FED65C95}.Release|Any CPU.Build.0 = Release|Any CPU
		{A768D37C-80A2-4283-B72A-D7FEC914764C}.Debug|Any CPU.ActiveCfg = Debug|Any CPU
		{A768D37C-80A2-4283-B72A-D7FEC914764C}.Debug|Any CPU.Build.0 = Debug|Any CPU
		{A768D37C-80A2-4283-B72A-D7FEC914764C}.Release|Any CPU.ActiveCfg = Release|Any CPU
		{A768D37C-80A2-4283-B72A-D7FEC914764C}.Release|Any CPU.Build.0 = Release|Any CPU
		{02EE4133-A1D7-4FE3-85C8-DFF8939D545D}.Debug|Any CPU.ActiveCfg = Debug|Any CPU
		{02EE4133-A1D7-4FE3-85C8-DFF8939D545D}.Debug|Any CPU.Build.0 = Debug|Any CPU
		{02EE4133-A1D7-4FE3-85C8-DFF8939D545D}.Release|Any CPU.ActiveCfg = Release|Any CPU
		{02EE4133-A1D7-4FE3-85C8-DFF8939D545D}.Release|Any CPU.Build.0 = Release|Any CPU
		{F5FCC600-C111-4481-A18D-486F1B4F645C}.Debug|Any CPU.ActiveCfg = Debug|Any CPU
		{F5FCC600-C111-4481-A18D-486F1B4F645C}.Debug|Any CPU.Build.0 = Debug|Any CPU
		{F5FCC600-C111-4481-A18D-486F1B4F645C}.Release|Any CPU.ActiveCfg = Release|Any CPU
		{F5FCC600-C111-4481-A18D-486F1B4F645C}.Release|Any CPU.Build.0 = Release|Any CPU
		{022CD43B-D3AA-4789-B4FF-F95C7736DF6B}.Debug|Any CPU.ActiveCfg = Debug|Any CPU
		{022CD43B-D3AA-4789-B4FF-F95C7736DF6B}.Debug|Any CPU.Build.0 = Debug|Any CPU
		{022CD43B-D3AA-4789-B4FF-F95C7736DF6B}.Release|Any CPU.ActiveCfg = Release|Any CPU
		{022CD43B-D3AA-4789-B4FF-F95C7736DF6B}.Release|Any CPU.Build.0 = Release|Any CPU
		{DED172BF-42DB-4E90-AECE-8B79CE38D3AA}.Debug|Any CPU.ActiveCfg = Debug|Any CPU
		{DED172BF-42DB-4E90-AECE-8B79CE38D3AA}.Debug|Any CPU.Build.0 = Debug|Any CPU
		{DED172BF-42DB-4E90-AECE-8B79CE38D3AA}.Release|Any CPU.ActiveCfg = Release|Any CPU
		{DED172BF-42DB-4E90-AECE-8B79CE38D3AA}.Release|Any CPU.Build.0 = Release|Any CPU
		{7B9BA962-9614-4E9F-BD3D-385D6F59B6AF}.Debug|Any CPU.ActiveCfg = Debug|Any CPU
		{7B9BA962-9614-4E9F-BD3D-385D6F59B6AF}.Debug|Any CPU.Build.0 = Debug|Any CPU
		{7B9BA962-9614-4E9F-BD3D-385D6F59B6AF}.Release|Any CPU.ActiveCfg = Release|Any CPU
		{7B9BA962-9614-4E9F-BD3D-385D6F59B6AF}.Release|Any CPU.Build.0 = Release|Any CPU
		{EBA4BE20-C06C-4B5F-8C62-3727AC52C85B}.Debug|Any CPU.ActiveCfg = Debug|Any CPU
		{EBA4BE20-C06C-4B5F-8C62-3727AC52C85B}.Debug|Any CPU.Build.0 = Debug|Any CPU
		{EBA4BE20-C06C-4B5F-8C62-3727AC52C85B}.Release|Any CPU.ActiveCfg = Release|Any CPU
		{EBA4BE20-C06C-4B5F-8C62-3727AC52C85B}.Release|Any CPU.Build.0 = Release|Any CPU
		{4BB2A956-266A-46B0-B063-0FF68ABAB4C2}.Debug|Any CPU.ActiveCfg = Debug|Any CPU
		{4BB2A956-266A-46B0-B063-0FF68ABAB4C2}.Debug|Any CPU.Build.0 = Debug|Any CPU
		{4BB2A956-266A-46B0-B063-0FF68ABAB4C2}.Release|Any CPU.ActiveCfg = Release|Any CPU
		{4BB2A956-266A-46B0-B063-0FF68ABAB4C2}.Release|Any CPU.Build.0 = Release|Any CPU
		{B2A6B6C2-F444-4FF8-A69E-BE9925609C29}.Debug|Any CPU.ActiveCfg = Debug|Any CPU
		{B2A6B6C2-F444-4FF8-A69E-BE9925609C29}.Debug|Any CPU.Build.0 = Debug|Any CPU
		{B2A6B6C2-F444-4FF8-A69E-BE9925609C29}.Release|Any CPU.ActiveCfg = Release|Any CPU
		{B2A6B6C2-F444-4FF8-A69E-BE9925609C29}.Release|Any CPU.Build.0 = Release|Any CPU
		{6E358429-FF5C-4389-8F01-EE129F26A87B}.Debug|Any CPU.ActiveCfg = Debug|Any CPU
		{6E358429-FF5C-4389-8F01-EE129F26A87B}.Debug|Any CPU.Build.0 = Debug|Any CPU
		{6E358429-FF5C-4389-8F01-EE129F26A87B}.Release|Any CPU.ActiveCfg = Release|Any CPU
		{6E358429-FF5C-4389-8F01-EE129F26A87B}.Release|Any CPU.Build.0 = Release|Any CPU
		{325F072A-F7C1-445B-A595-C7987AA15009}.Debug|Any CPU.ActiveCfg = Debug|Any CPU
		{325F072A-F7C1-445B-A595-C7987AA15009}.Debug|Any CPU.Build.0 = Debug|Any CPU
		{325F072A-F7C1-445B-A595-C7987AA15009}.Release|Any CPU.ActiveCfg = Release|Any CPU
		{325F072A-F7C1-445B-A595-C7987AA15009}.Release|Any CPU.Build.0 = Release|Any CPU
		{D29E232F-6B71-4526-9DD8-5599B82959C2}.Debug|Any CPU.ActiveCfg = Debug|Any CPU
		{D29E232F-6B71-4526-9DD8-5599B82959C2}.Debug|Any CPU.Build.0 = Debug|Any CPU
		{D29E232F-6B71-4526-9DD8-5599B82959C2}.Release|Any CPU.ActiveCfg = Release|Any CPU
		{D29E232F-6B71-4526-9DD8-5599B82959C2}.Release|Any CPU.Build.0 = Release|Any CPU
		{B067D57A-3EE0-4659-B398-895A18CEBA71}.Debug|Any CPU.ActiveCfg = Debug|Any CPU
		{B067D57A-3EE0-4659-B398-895A18CEBA71}.Debug|Any CPU.Build.0 = Debug|Any CPU
		{B067D57A-3EE0-4659-B398-895A18CEBA71}.Release|Any CPU.ActiveCfg = Release|Any CPU
		{B067D57A-3EE0-4659-B398-895A18CEBA71}.Release|Any CPU.Build.0 = Release|Any CPU
		{0A3CDB04-A8D2-437E-A584-817226C25B50}.Debug|Any CPU.ActiveCfg = Debug|Any CPU
		{0A3CDB04-A8D2-437E-A584-817226C25B50}.Debug|Any CPU.Build.0 = Debug|Any CPU
		{0A3CDB04-A8D2-437E-A584-817226C25B50}.Release|Any CPU.ActiveCfg = Release|Any CPU
		{0A3CDB04-A8D2-437E-A584-817226C25B50}.Release|Any CPU.Build.0 = Release|Any CPU
		{FFB988F4-CF9B-4B0E-815F-764939B8CE3D}.Debug|Any CPU.ActiveCfg = Debug|Any CPU
		{FFB988F4-CF9B-4B0E-815F-764939B8CE3D}.Debug|Any CPU.Build.0 = Debug|Any CPU
		{FFB988F4-CF9B-4B0E-815F-764939B8CE3D}.Release|Any CPU.ActiveCfg = Release|Any CPU
		{FFB988F4-CF9B-4B0E-815F-764939B8CE3D}.Release|Any CPU.Build.0 = Release|Any CPU
		{988452EB-3E91-482A-BE51-9B53FDD2E568}.Debug|Any CPU.ActiveCfg = Debug|Any CPU
		{988452EB-3E91-482A-BE51-9B53FDD2E568}.Debug|Any CPU.Build.0 = Debug|Any CPU
		{988452EB-3E91-482A-BE51-9B53FDD2E568}.Release|Any CPU.ActiveCfg = Release|Any CPU
		{988452EB-3E91-482A-BE51-9B53FDD2E568}.Release|Any CPU.Build.0 = Release|Any CPU
	EndGlobalSection
	GlobalSection(SolutionProperties) = preSolution
		HideSolutionNode = FALSE
	EndGlobalSection
	GlobalSection(NestedProjects) = preSolution
		{BE055571-C437-454B-B141-2D6BE9724D1B} = {E719E5C9-C910-4148-AC6D-6AF4E5AECDF4}
		{E6C15969-5CFD-4EAE-9EC3-37429369AEC7} = {E719E5C9-C910-4148-AC6D-6AF4E5AECDF4}
		{698830A5-9C80-481E-979B-C3B67B21D5BC} = {E719E5C9-C910-4148-AC6D-6AF4E5AECDF4}
		{DE1A8820-7E3D-4195-9BA1-598E30B4554A} = {E719E5C9-C910-4148-AC6D-6AF4E5AECDF4}
		{E0852F4D-9FF4-4804-9713-4819B348EA82} = {E719E5C9-C910-4148-AC6D-6AF4E5AECDF4}
		{A3874585-8EBF-4B2D-B949-48303B4EC2D3} = {C944577F-6F29-4FD9-922D-9D7577295B3B}
		{0E400683-1AAE-44FD-9F9B-0DA9FED65C95} = {C944577F-6F29-4FD9-922D-9D7577295B3B}
		{02EE4133-A1D7-4FE3-85C8-DFF8939D545D} = {AE09CBE3-AF21-48EF-85DB-675ADCCE24E4}
		{F5FCC600-C111-4481-A18D-486F1B4F645C} = {02C33E6C-191E-45F7-83C1-A45192A3CA7A}
		{022CD43B-D3AA-4789-B4FF-F95C7736DF6B} = {02C33E6C-191E-45F7-83C1-A45192A3CA7A}
		{DED172BF-42DB-4E90-AECE-8B79CE38D3AA} = {74E2E988-D64E-4B01-B9F4-9F803636EC49}
		{7B9BA962-9614-4E9F-BD3D-385D6F59B6AF} = {25118A3C-5768-4129-AFB3-E138DED8E676}
		{EBA4BE20-C06C-4B5F-8C62-3727AC52C85B} = {4F5EDD70-864E-4C14-8F5B-6D3B69FBB0C2}
		{4BB2A956-266A-46B0-B063-0FF68ABAB4C2} = {ABD6A32B-F438-42BB-A286-0D90434C69C9}
		{B2A6B6C2-F444-4FF8-A69E-BE9925609C29} = {47C98B5B-E584-4007-B01B-0A0FD2E99250}
		{6E358429-FF5C-4389-8F01-EE129F26A87B} = {31B8FDB6-F6B4-4C5B-9D05-201FE54855B2}
		{325F072A-F7C1-445B-A595-C7987AA15009} = {31B8FDB6-F6B4-4C5B-9D05-201FE54855B2}
		{D29E232F-6B71-4526-9DD8-5599B82959C2} = {538EE27D-8AEC-483D-811F-BE0BD3DC8FE1}
		{B067D57A-3EE0-4659-B398-895A18CEBA71} = {4B4ABA83-4137-45B3-9FAC-424DF8500E22}
		{0A3CDB04-A8D2-437E-A584-817226C25B50} = {10B6C21C-5B2E-41EC-93A1-E446EAB29A69}
		{988452EB-3E91-482A-BE51-9B53FDD2E568} = {F227E2A6-FD99-4B17-8003-01B9AD5FDE2B}
	EndGlobalSection
	GlobalSection(ExtensibilityGlobals) = postSolution
		SolutionGuid = {A34ADC4B-6ECA-4463-A6B2-B46E5E71E353}
	EndGlobalSection
EndGlobal
